{
	"name": "@tmorin/ddd-fwk-model-schema",
	"version": "0.0.0-alpha.0",
	"lockfileVersion": 1,
	"requires": true,
	"dependencies": {
		"schema-dts": {
			"version": "0.7.4",
			"resolved": "https://registry.npmjs.org/schema-dts/-/schema-dts-0.7.4.tgz",
			"integrity": "sha512-nVdu+10WHq8svJF+5ep2Q6eFJvkTTuahn+mgmLsnAMZ3YbUmf/o5MyXl+IOkUcXCCI29czSX7wY53tbuj8MrmA=="
		}
	}
}
